PODS:
  - SwiftLint (0.29.3)
  - TapAdditionsKit/Tap/ClassProtocol (1.2)

DEPENDENCIES:
  - SwiftLint
  - TapAdditionsKit/Tap/ClassProtocol

SPEC REPOS:
  https://github.com/cocoapods/specs.git:
    - SwiftLint
    - TapAdditionsKit

SPEC CHECKSUMS:
  SwiftLint: bfa7ca7b4d170cfaf0d236ca3ffd969e88a2f002
  TapAdditionsKit: ec0e7e864ad1590e0c2f62230100e2621499458f

PODFILE CHECKSUM: 2f64b437e7915993e892c72682106e49290fc6bf

COCOAPODS: 1.6.0.beta.1
